
Microsoft Visual Studio Solution File, Format Version 12.00
# Visual Studio 14
VisualStudioVersion = 14.0.25420.1
MinimumVisualStudioVersion = 10.0.40219.1
Project("{FAE04EC0-301F-11D3-BF4B-00C04F79EFBC}") = "RouteService", "RouteService\RouteService.csproj", "{8513152B-432B-46C7-B575-524CA22840E9}"
EndProject
Project("{FAE04EC0-301F-11D3-BF4B-00C04F79EFBC}") = "RouteServerMonitor", "RouteServerMonitor\RouteServerMonitor.csproj", "{682D97E9-3716-4602-8653-8BAB9481685C}"
EndProject
Project("{FAE04EC0-301F-11D3-BF4B-00C04F79EFBC}") = "RouteServiceUI", "RouteServiceUI\RouteServiceUI.csproj", "{3B14B0D1-0D69-4C6E-A16C-25B5695C6836}"
EndProject
Project("{FAE04EC0-301F-11D3-BF4B-00C04F79EFBC}") = "MyRouteService", "MySuperSocketServiceWhichHostWCF\MyRouteService.csproj", "{B657B0FB-E090-47AE-9404-7198FA52ACD8}"
EndProject
Global
	GlobalSection(SolutionConfigurationPlatforms) = preSolution
		Debug|Any CPU = Debug|Any CPU
		Release|Any CPU = Release|Any CPU
	EndGlobalSection
	GlobalSection(ProjectConfigurationPlatforms) = postSolution
		{8513152B-432B-46C7-B575-524CA22840E9}.Debug|Any CPU.ActiveCfg = Debug|Any CPU
		{8513152B-432B-46C7-B575-524CA22840E9}.Debug|Any CPU.Build.0 = Debug|Any CPU
		{8513152B-432B-46C7-B575-524CA22840E9}.Release|Any CPU.ActiveCfg = Release|Any CPU
		{8513152B-432B-46C7-B575-524CA22840E9}.Release|Any CPU.Build.0 = Release|Any CPU
		{682D97E9-3716-4602-8653-8BAB9481685C}.Debug|Any CPU.ActiveCfg = Debug|Any CPU
		{682D97E9-3716-4602-8653-8BAB9481685C}.Debug|Any CPU.Build.0 = Debug|Any CPU
		{682D97E9-3716-4602-8653-8BAB9481685C}.Release|Any CPU.ActiveCfg = Release|Any CPU
		{682D97E9-3716-4602-8653-8BAB9481685C}.Release|Any CPU.Build.0 = Release|Any CPU
		{3B14B0D1-0D69-4C6E-A16C-25B5695C6836}.Debug|Any CPU.ActiveCfg = Debug|Any CPU
		{3B14B0D1-0D69-4C6E-A16C-25B5695C6836}.Debug|Any CPU.Build.0 = Debug|Any CPU
		{3B14B0D1-0D69-4C6E-A16C-25B5695C6836}.Release|Any CPU.ActiveCfg = Release|Any CPU
		{3B14B0D1-0D69-4C6E-A16C-25B5695C6836}.Release|Any CPU.Build.0 = Release|Any CPU
		{B657B0FB-E090-47AE-9404-7198FA52ACD8}.Debug|Any CPU.ActiveCfg = Debug|Any CPU
		{B657B0FB-E090-47AE-9404-7198FA52ACD8}.Debug|Any CPU.Build.0 = Debug|Any CPU
		{B657B0FB-E090-47AE-9404-7198FA52ACD8}.Release|Any CPU.ActiveCfg = Release|Any CPU
		{B657B0FB-E090-47AE-9404-7198FA52ACD8}.Release|Any CPU.Build.0 = Release|Any CPU
	EndGlobalSection
	GlobalSection(SolutionProperties) = preSolution
		HideSolutionNode = FALSE
	EndGlobalSection
EndGlobal
