
Microsoft Visual Studio Solution File, Format Version 12.00
# Visual Studio 14
VisualStudioVersion = 14.0.25420.1
MinimumVisualStudioVersion = 10.0.40219.1
Project("{FAE04EC0-301F-11D3-BF4B-00C04F79EFBC}") = "RouteServerMonitor", "RouteServerMonitor\RouteServerMonitor.csproj", "{682D97E9-3716-4602-8653-8BAB9481685C}"
EndProject
Project("{FAE04EC0-301F-11D3-BF4B-00C04F79EFBC}") = "RouteServiceUI", "RouteServiceUI\RouteServiceUI.csproj", "{3B14B0D1-0D69-4C6E-A16C-25B5695C6836}"
EndProject
Project("{FAE04EC0-301F-11D3-BF4B-00C04F79EFBC}") = "MyRouteService", "MySuperSocketServiceWhichHostWCF\MyRouteService.csproj", "{B657B0FB-E090-47AE-9404-7198FA52ACD8}"
EndProject
Project("{FAE04EC0-301F-11D3-BF4B-00C04F79EFBC}") = "RouterClient", "RouterClient\RouterClient.csproj", "{05D8A72E-C458-4AAC-9FFE-4BAF545031F3}"
EndProject
Project("{FAE04EC0-301F-11D3-BF4B-00C04F79EFBC}") = "RouterCommon", "RouterCommon\RouterCommon.csproj", "{62B2E235-8774-437E-A6C1-0F748F0A4855}"
EndProject
Project("{FAE04EC0-301F-11D3-BF4B-00C04F79EFBC}") = "RouteClientConsole", "RouteClientConsole\RouteClientConsole.csproj", "{B5D05950-15FC-4476-A70C-0A37DF61AFA9}"
EndProject
Global
	GlobalSection(SolutionConfigurationPlatforms) = preSolution
		Debug|Any CPU = Debug|Any CPU
		Release|Any CPU = Release|Any CPU
	EndGlobalSection
	GlobalSection(ProjectConfigurationPlatforms) = postSolution
		{682D97E9-3716-4602-8653-8BAB9481685C}.Debug|Any CPU.ActiveCfg = Debug|Any CPU
		{682D97E9-3716-4602-8653-8BAB9481685C}.Debug|Any CPU.Build.0 = Debug|Any CPU
		{682D97E9-3716-4602-8653-8BAB9481685C}.Release|Any CPU.ActiveCfg = Release|Any CPU
		{682D97E9-3716-4602-8653-8BAB9481685C}.Release|Any CPU.Build.0 = Release|Any CPU
		{3B14B0D1-0D69-4C6E-A16C-25B5695C6836}.Debug|Any CPU.ActiveCfg = Debug|Any CPU
		{3B14B0D1-0D69-4C6E-A16C-25B5695C6836}.Debug|Any CPU.Build.0 = Debug|Any CPU
		{3B14B0D1-0D69-4C6E-A16C-25B5695C6836}.Release|Any CPU.ActiveCfg = Release|Any CPU
		{3B14B0D1-0D69-4C6E-A16C-25B5695C6836}.Release|Any CPU.Build.0 = Release|Any CPU
		{B657B0FB-E090-47AE-9404-7198FA52ACD8}.Debug|Any CPU.ActiveCfg = Debug|Any CPU
		{B657B0FB-E090-47AE-9404-7198FA52ACD8}.Debug|Any CPU.Build.0 = Debug|Any CPU
		{B657B0FB-E090-47AE-9404-7198FA52ACD8}.Release|Any CPU.ActiveCfg = Release|Any CPU
		{B657B0FB-E090-47AE-9404-7198FA52ACD8}.Release|Any CPU.Build.0 = Release|Any CPU
		{05D8A72E-C458-4AAC-9FFE-4BAF545031F3}.Debug|Any CPU.ActiveCfg = Debug|Any CPU
		{05D8A72E-C458-4AAC-9FFE-4BAF545031F3}.Debug|Any CPU.Build.0 = Debug|Any CPU
		{05D8A72E-C458-4AAC-9FFE-4BAF545031F3}.Release|Any CPU.ActiveCfg = Release|Any CPU
		{05D8A72E-C458-4AAC-9FFE-4BAF545031F3}.Release|Any CPU.Build.0 = Release|Any CPU
		{62B2E235-8774-437E-A6C1-0F748F0A4855}.Debug|Any CPU.ActiveCfg = Debug|Any CPU
		{62B2E235-8774-437E-A6C1-0F748F0A4855}.Debug|Any CPU.Build.0 = Debug|Any CPU
		{62B2E235-8774-437E-A6C1-0F748F0A4855}.Release|Any CPU.ActiveCfg = Release|Any CPU
		{62B2E235-8774-437E-A6C1-0F748F0A4855}.Release|Any CPU.Build.0 = Release|Any CPU
		{B5D05950-15FC-4476-A70C-0A37DF61AFA9}.Debug|Any CPU.ActiveCfg = Debug|Any CPU
		{B5D05950-15FC-4476-A70C-0A37DF61AFA9}.Debug|Any CPU.Build.0 = Debug|Any CPU
		{B5D05950-15FC-4476-A70C-0A37DF61AFA9}.Release|Any CPU.ActiveCfg = Release|Any CPU
		{B5D05950-15FC-4476-A70C-0A37DF61AFA9}.Release|Any CPU.Build.0 = Release|Any CPU
	EndGlobalSection
	GlobalSection(SolutionProperties) = preSolution
		HideSolutionNode = FALSE
	EndGlobalSection
EndGlobal
